
Microsoft Visual Studio Solution File, Format Version 12.00
# Visual Studio Version 16
VisualStudioVersion = 16.0.30002.166
MinimumVisualStudioVersion = 10.0.40219.1
Project("{FAE04EC0-301F-11D3-BF4B-00C04F79EFBC}") = "RecursivePowPerformansTesti", "RecursivePowPerformansTesti\RecursivePowPerformansTesti.csproj", "{9C1D7C9C-4892-4C9D-B752-537DE0C97947}"
EndProject
Global
	GlobalSection(SolutionConfigurationPlatforms) = preSolution
		Debug|Any CPU = Debug|Any CPU
		Release|Any CPU = Release|Any CPU
	EndGlobalSection
	GlobalSection(ProjectConfigurationPlatforms) = postSolution
		{9C1D7C9C-4892-4C9D-B752-537DE0C97947}.Debug|Any CPU.ActiveCfg = Debug|Any CPU
		{9C1D7C9C-4892-4C9D-B752-537DE0C97947}.Debug|Any CPU.Build.0 = Debug|Any CPU
		{9C1D7C9C-4892-4C9D-B752-537DE0C97947}.Release|Any CPU.ActiveCfg = Release|Any CPU
		{9C1D7C9C-4892-4C9D-B752-537DE0C97947}.Release|Any CPU.Build.0 = Release|Any CPU
	EndGlobalSection
	GlobalSection(SolutionProperties) = preSolution
		HideSolutionNode = FALSE
	EndGlobalSection
	GlobalSection(ExtensibilityGlobals) = postSolution
		SolutionGuid = {3BF822DE-9AD1-4ECB-A80B-1310CA71621F}
	EndGlobalSection
EndGlobal
