
Microsoft Visual Studio Solution File, Format Version 12.00
# Visual Studio Version 16
VisualStudioVersion = 16.0.30002.166
MinimumVisualStudioVersion = 10.0.40219.1
Project("{FAE04EC0-301F-11D3-BF4B-00C04F79EFBC}") = "TersString", "TersString\TersString.csproj", "{582CFB5A-9D18-4CE9-A214-CE2C8689E8D3}"
EndProject
Project("{FAE04EC0-301F-11D3-BF4B-00C04F79EFBC}") = "TersStringBirimTesti", "TersStringBirimTesti\TersStringBirimTesti.csproj", "{7B2E375D-03A4-4554-A3C8-E3004408B8AA}"
EndProject
Global
	GlobalSection(SolutionConfigurationPlatforms) = preSolution
		Debug|Any CPU = Debug|Any CPU
		Release|Any CPU = Release|Any CPU
	EndGlobalSection
	GlobalSection(ProjectConfigurationPlatforms) = postSolution
		{582CFB5A-9D18-4CE9-A214-CE2C8689E8D3}.Debug|Any CPU.ActiveCfg = Debug|Any CPU
		{582CFB5A-9D18-4CE9-A214-CE2C8689E8D3}.Debug|Any CPU.Build.0 = Debug|Any CPU
		{582CFB5A-9D18-4CE9-A214-CE2C8689E8D3}.Release|Any CPU.ActiveCfg = Release|Any CPU
		{582CFB5A-9D18-4CE9-A214-CE2C8689E8D3}.Release|Any CPU.Build.0 = Release|Any CPU
		{7B2E375D-03A4-4554-A3C8-E3004408B8AA}.Debug|Any CPU.ActiveCfg = Debug|Any CPU
		{7B2E375D-03A4-4554-A3C8-E3004408B8AA}.Debug|Any CPU.Build.0 = Debug|Any CPU
		{7B2E375D-03A4-4554-A3C8-E3004408B8AA}.Release|Any CPU.ActiveCfg = Release|Any CPU
		{7B2E375D-03A4-4554-A3C8-E3004408B8AA}.Release|Any CPU.Build.0 = Release|Any CPU
	EndGlobalSection
	GlobalSection(SolutionProperties) = preSolution
		HideSolutionNode = FALSE
	EndGlobalSection
	GlobalSection(ExtensibilityGlobals) = postSolution
		SolutionGuid = {9E3DCFC8-42A2-4277-9E55-206D4A2E05DA}
	EndGlobalSection
EndGlobal
